
Microsoft Visual Studio Solution File, Format Version 12.00
# Visual Studio Version 16
VisualStudioVersion = 16.0.31005.135
MinimumVisualStudioVersion = 10.0.40219.1
Project("{9A19103F-16F7-4668-BE54-9A1E7A4F7556}") = "Assets.Inventory.Tests", "Asset.Lib.Tests\Assets.Inventory.Tests.csproj", "{63B2EF27-892D-474B-9B85-46642D8DDD48}"
EndProject
Project("{9A19103F-16F7-4668-BE54-9A1E7A4F7556}") = "Assets.Inventory", "Asset.Lib\Assets.Inventory.csproj", "{DC1A112C-5222-47AC-BF28-023364F6F55F}"
EndProject
Global
	GlobalSection(SolutionConfigurationPlatforms) = preSolution
		Debug|Any CPU = Debug|Any CPU
		Release|Any CPU = Release|Any CPU
	EndGlobalSection
	GlobalSection(ProjectConfigurationPlatforms) = postSolution
		{63B2EF27-892D-474B-9B85-46642D8DDD48}.Debug|Any CPU.ActiveCfg = Debug|Any CPU
		{63B2EF27-892D-474B-9B85-46642D8DDD48}.Debug|Any CPU.Build.0 = Debug|Any CPU
		{63B2EF27-892D-474B-9B85-46642D8DDD48}.Release|Any CPU.ActiveCfg = Release|Any CPU
		{63B2EF27-892D-474B-9B85-46642D8DDD48}.Release|Any CPU.Build.0 = Release|Any CPU
		{DC1A112C-5222-47AC-BF28-023364F6F55F}.Debug|Any CPU.ActiveCfg = Debug|Any CPU
		{DC1A112C-5222-47AC-BF28-023364F6F55F}.Debug|Any CPU.Build.0 = Debug|Any CPU
		{DC1A112C-5222-47AC-BF28-023364F6F55F}.Release|Any CPU.ActiveCfg = Release|Any CPU
		{DC1A112C-5222-47AC-BF28-023364F6F55F}.Release|Any CPU.Build.0 = Release|Any CPU
	EndGlobalSection
	GlobalSection(SolutionProperties) = preSolution
		HideSolutionNode = FALSE
	EndGlobalSection
	GlobalSection(ExtensibilityGlobals) = postSolution
		SolutionGuid = {79D20AE5-5BEB-4F1D-A97E-86B78BCB3881}
	EndGlobalSection
EndGlobal
